
Microsoft Visual Studio Solution File, Format Version 12.00
# Visual Studio Version 17
VisualStudioVersion = 17.14.36429.23 d17.14
MinimumVisualStudioVersion = 10.0.40219.1
Project("{FAE04EC0-301F-11D3-BF4B-00C04F79EFBC}") = "bank", "bank\bank.csproj", "{64271CA8-7A7A-4EC6-B8B7-C7BF74836CDB}"
EndProject
Global
	GlobalSection(SolutionConfigurationPlatforms) = preSolution
		Debug|Any CPU = Debug|Any CPU
		Release|Any CPU = Release|Any CPU
	EndGlobalSection
	GlobalSection(ProjectConfigurationPlatforms) = postSolution
		{64271CA8-7A7A-4EC6-B8B7-C7BF74836CDB}.Debug|Any CPU.ActiveCfg = Debug|Any CPU
		{64271CA8-7A7A-4EC6-B8B7-C7BF74836CDB}.Debug|Any CPU.Build.0 = Debug|Any CPU
		{64271CA8-7A7A-4EC6-B8B7-C7BF74836CDB}.Release|Any CPU.ActiveCfg = Release|Any CPU
		{64271CA8-7A7A-4EC6-B8B7-C7BF74836CDB}.Release|Any CPU.Build.0 = Release|Any CPU
	EndGlobalSection
	GlobalSection(SolutionProperties) = preSolution
		HideSolutionNode = FALSE
	EndGlobalSection
	GlobalSection(ExtensibilityGlobals) = postSolution
		SolutionGuid = {D521AB54-EDEC-4002-B516-B7D805710BEE}
	EndGlobalSection
EndGlobal
